
Microsoft Visual Studio Solution File, Format Version 12.00
# Visual Studio Version 17
VisualStudioVersion = 17.0.31903.59
MinimumVisualStudioVersion = 10.0.40219.1
Project("{2150E333-8FDC-42A3-9474-1A3956D46DE8}") = "src", "src", "{827E0CD3-B72D-47B6-A68D-7590B98EB39B}"
EndProject
Project("{FAE04EC0-301F-11D3-BF4B-00C04F79EFBC}") = "HospitalAPI.Domain", "src\HospitalAPI.Domain\HospitalAPI.Domain.csproj", "{E32C50CC-7E52-4F44-B6F7-CE3F0815B59E}"
EndProject
Project("{FAE04EC0-301F-11D3-BF4B-00C04F79EFBC}") = "HospitalAPI.Application", "src\HospitalAPI.Application\HospitalAPI.Application.csproj", "{1AE2D153-30D8-420B-A568-9890F8035485}"
EndProject
Project("{FAE04EC0-301F-11D3-BF4B-00C04F79EFBC}") = "HospitalAPI.Infrastructure", "src\HospitalAPI.Infrastructure\HospitalAPI.Infrastructure.csproj", "{38E2ADE5-026D-4A92-8CDD-822A3742A4B4}"
EndProject
Project("{FAE04EC0-301F-11D3-BF4B-00C04F79EFBC}") = "HospitalAPI.Common", "src\HospitalAPI.Common\HospitalAPI.Common.csproj", "{2A6D4E04-355C-47AE-85F4-36E6B4FBB905}"
EndProject
Project("{FAE04EC0-301F-11D3-BF4B-00C04F79EFBC}") = "HospitalAPI.API", "src\HospitalAPI.API\HospitalAPI.API.csproj", "{BE979431-EC6A-4293-A483-1E5EF9BF94AE}"
EndProject
Global
	GlobalSection(SolutionConfigurationPlatforms) = preSolution
		Debug|Any CPU = Debug|Any CPU
		Debug|x64 = Debug|x64
		Debug|x86 = Debug|x86
		Release|Any CPU = Release|Any CPU
		Release|x64 = Release|x64
		Release|x86 = Release|x86
	EndGlobalSection
	GlobalSection(ProjectConfigurationPlatforms) = postSolution
		{E32C50CC-7E52-4F44-B6F7-CE3F0815B59E}.Debug|Any CPU.ActiveCfg = Debug|Any CPU
		{E32C50CC-7E52-4F44-B6F7-CE3F0815B59E}.Debug|Any CPU.Build.0 = Debug|Any CPU
		{E32C50CC-7E52-4F44-B6F7-CE3F0815B59E}.Debug|x64.ActiveCfg = Debug|Any CPU
		{E32C50CC-7E52-4F44-B6F7-CE3F0815B59E}.Debug|x64.Build.0 = Debug|Any CPU
		{E32C50CC-7E52-4F44-B6F7-CE3F0815B59E}.Debug|x86.ActiveCfg = Debug|Any CPU
		{E32C50CC-7E52-4F44-B6F7-CE3F0815B59E}.Debug|x86.Build.0 = Debug|Any CPU
		{E32C50CC-7E52-4F44-B6F7-CE3F0815B59E}.Release|Any CPU.ActiveCfg = Release|Any CPU
		{E32C50CC-7E52-4F44-B6F7-CE3F0815B59E}.Release|Any CPU.Build.0 = Release|Any CPU
		{E32C50CC-7E52-4F44-B6F7-CE3F0815B59E}.Release|x64.ActiveCfg = Release|Any CPU
		{E32C50CC-7E52-4F44-B6F7-CE3F0815B59E}.Release|x64.Build.0 = Release|Any CPU
		{E32C50CC-7E52-4F44-B6F7-CE3F0815B59E}.Release|x86.ActiveCfg = Release|Any CPU
		{E32C50CC-7E52-4F44-B6F7-CE3F0815B59E}.Release|x86.Build.0 = Release|Any CPU
		{1AE2D153-30D8-420B-A568-9890F8035485}.Debug|Any CPU.ActiveCfg = Debug|Any CPU
		{1AE2D153-30D8-420B-A568-9890F8035485}.Debug|Any CPU.Build.0 = Debug|Any CPU
		{1AE2D153-30D8-420B-A568-9890F8035485}.Debug|x64.ActiveCfg = Debug|Any CPU
		{1AE2D153-30D8-420B-A568-9890F8035485}.Debug|x64.Build.0 = Debug|Any CPU
		{1AE2D153-30D8-420B-A568-9890F8035485}.Debug|x86.ActiveCfg = Debug|Any CPU
		{1AE2D153-30D8-420B-A568-9890F8035485}.Debug|x86.Build.0 = Debug|Any CPU
		{1AE2D153-30D8-420B-A568-9890F8035485}.Release|Any CPU.ActiveCfg = Release|Any CPU
		{1AE2D153-30D8-420B-A568-9890F8035485}.Release|Any CPU.Build.0 = Release|Any CPU
		{1AE2D153-30D8-420B-A568-9890F8035485}.Release|x64.ActiveCfg = Release|Any CPU
		{1AE2D153-30D8-420B-A568-9890F8035485}.Release|x64.Build.0 = Release|Any CPU
		{1AE2D153-30D8-420B-A568-9890F8035485}.Release|x86.ActiveCfg = Release|Any CPU
		{1AE2D153-30D8-420B-A568-9890F8035485}.Release|x86.Build.0 = Release|Any CPU
		{38E2ADE5-026D-4A92-8CDD-822A3742A4B4}.Debug|Any CPU.ActiveCfg = Debug|Any CPU
		{38E2ADE5-026D-4A92-8CDD-822A3742A4B4}.Debug|Any CPU.Build.0 = Debug|Any CPU
		{38E2ADE5-026D-4A92-8CDD-822A3742A4B4}.Debug|x64.ActiveCfg = Debug|Any CPU
		{38E2ADE5-026D-4A92-8CDD-822A3742A4B4}.Debug|x64.Build.0 = Debug|Any CPU
		{38E2ADE5-026D-4A92-8CDD-822A3742A4B4}.Debug|x86.ActiveCfg = Debug|Any CPU
		{38E2ADE5-026D-4A92-8CDD-822A3742A4B4}.Debug|x86.Build.0 = Debug|Any CPU
		{38E2ADE5-026D-4A92-8CDD-822A3742A4B4}.Release|Any CPU.ActiveCfg = Release|Any CPU
		{38E2ADE5-026D-4A92-8CDD-822A3742A4B4}.Release|Any CPU.Build.0 = Release|Any CPU
		{38E2ADE5-026D-4A92-8CDD-822A3742A4B4}.Release|x64.ActiveCfg = Release|Any CPU
		{38E2ADE5-026D-4A92-8CDD-822A3742A4B4}.Release|x64.Build.0 = Release|Any CPU
		{38E2ADE5-026D-4A92-8CDD-822A3742A4B4}.Release|x86.ActiveCfg = Release|Any CPU
		{38E2ADE5-026D-4A92-8CDD-822A3742A4B4}.Release|x86.Build.0 = Release|Any CPU
		{2A6D4E04-355C-47AE-85F4-36E6B4FBB905}.Debug|Any CPU.ActiveCfg = Debug|Any CPU
		{2A6D4E04-355C-47AE-85F4-36E6B4FBB905}.Debug|Any CPU.Build.0 = Debug|Any CPU
		{2A6D4E04-355C-47AE-85F4-36E6B4FBB905}.Debug|x64.ActiveCfg = Debug|Any CPU
		{2A6D4E04-355C-47AE-85F4-36E6B4FBB905}.Debug|x64.Build.0 = Debug|Any CPU
		{2A6D4E04-355C-47AE-85F4-36E6B4FBB905}.Debug|x86.ActiveCfg = Debug|Any CPU
		{2A6D4E04-355C-47AE-85F4-36E6B4FBB905}.Debug|x86.Build.0 = Debug|Any CPU
		{2A6D4E04-355C-47AE-85F4-36E6B4FBB905}.Release|Any CPU.ActiveCfg = Release|Any CPU
		{2A6D4E04-355C-47AE-85F4-36E6B4FBB905}.Release|Any CPU.Build.0 = Release|Any CPU
		{2A6D4E04-355C-47AE-85F4-36E6B4FBB905}.Release|x64.ActiveCfg = Release|Any CPU
		{2A6D4E04-355C-47AE-85F4-36E6B4FBB905}.Release|x64.Build.0 = Release|Any CPU
		{2A6D4E04-355C-47AE-85F4-36E6B4FBB905}.Release|x86.ActiveCfg = Release|Any CPU
		{2A6D4E04-355C-47AE-85F4-36E6B4FBB905}.Release|x86.Build.0 = Release|Any CPU
		{BE979431-EC6A-4293-A483-1E5EF9BF94AE}.Debug|Any CPU.ActiveCfg = Debug|Any CPU
		{BE979431-EC6A-4293-A483-1E5EF9BF94AE}.Debug|Any CPU.Build.0 = Debug|Any CPU
		{BE979431-EC6A-4293-A483-1E5EF9BF94AE}.Debug|x64.ActiveCfg = Debug|Any CPU
		{BE979431-EC6A-4293-A483-1E5EF9BF94AE}.Debug|x64.Build.0 = Debug|Any CPU
		{BE979431-EC6A-4293-A483-1E5EF9BF94AE}.Debug|x86.ActiveCfg = Debug|Any CPU
		{BE979431-EC6A-4293-A483-1E5EF9BF94AE}.Debug|x86.Build.0 = Debug|Any CPU
		{BE979431-EC6A-4293-A483-1E5EF9BF94AE}.Release|Any CPU.ActiveCfg = Release|Any CPU
		{BE979431-EC6A-4293-A483-1E5EF9BF94AE}.Release|Any CPU.Build.0 = Release|Any CPU
		{BE979431-EC6A-4293-A483-1E5EF9BF94AE}.Release|x64.ActiveCfg = Release|Any CPU
		{BE979431-EC6A-4293-A483-1E5EF9BF94AE}.Release|x64.Build.0 = Release|Any CPU
		{BE979431-EC6A-4293-A483-1E5EF9BF94AE}.Release|x86.ActiveCfg = Release|Any CPU
		{BE979431-EC6A-4293-A483-1E5EF9BF94AE}.Release|x86.Build.0 = Release|Any CPU
	EndGlobalSection
	GlobalSection(SolutionProperties) = preSolution
		HideSolutionNode = FALSE
	EndGlobalSection
	GlobalSection(NestedProjects) = preSolution
		{E32C50CC-7E52-4F44-B6F7-CE3F0815B59E} = {827E0CD3-B72D-47B6-A68D-7590B98EB39B}
		{1AE2D153-30D8-420B-A568-9890F8035485} = {827E0CD3-B72D-47B6-A68D-7590B98EB39B}
		{38E2ADE5-026D-4A92-8CDD-822A3742A4B4} = {827E0CD3-B72D-47B6-A68D-7590B98EB39B}
		{2A6D4E04-355C-47AE-85F4-36E6B4FBB905} = {827E0CD3-B72D-47B6-A68D-7590B98EB39B}
		{BE979431-EC6A-4293-A483-1E5EF9BF94AE} = {827E0CD3-B72D-47B6-A68D-7590B98EB39B}
	EndGlobalSection
EndGlobal
